// !$*UTF8*$!
{
	archiveVersion = 1;
	classes = {
	};
	objectVersion = 46;
	objects = {

/* Begin PBXBuildFile section */
		FF2FA68215FD0DA80015FC13 /* UIKit.framework in Frameworks */ = {isa = PBXBuildFile; fileRef = FF2FA68115FD0DA80015FC13 /* UIKit.framework */; };
		FF2FA68415FD0DA80015FC13 /* Foundation.framework in Frameworks */ = {isa = PBXBuildFile; fileRef = FF2FA68315FD0DA80015FC13 /* Foundation.framework */; };
		FF2FA68615FD0DA80015FC13 /* CoreGraphics.framework in Frameworks */ = {isa = PBXBuildFile; fileRef = FF2FA68515FD0DA80015FC13 /* CoreGraphics.framework */; };
		FF2FA68C15FD0DA80015FC13 /* InfoPlist.strings in Resources */ = {isa = PBXBuildFile; fileRef = FF2FA68A15FD0DA80015FC13 /* InfoPlist.strings */; };
		FF2FA68E15FD0DA80015FC13 /* main.m in Sources */ = {isa = PBXBuildFile; fileRef = FF2FA68D15FD0DA80015FC13 /* main.m */; };
		FF2FA69215FD0DA80015FC13 /* AppDelegate.m in Sources */ = {isa = PBXBuildFile; fileRef = FF2FA69115FD0DA80015FC13 /* AppDelegate.m */; };
		FF2FA69515FD0DA80015FC13 /* MainStoryboard.storyboard in Resources */ = {isa = PBXBuildFile; fileRef = FF2FA69315FD0DA80015FC13 /* MainStoryboard.storyboard */; };
		FF2FA69815FD0DA80015FC13 /* ViewController.m in Sources */ = {isa = PBXBuildFile; fileRef = FF2FA69715FD0DA80015FC13 /* ViewController.m */; };
		FF2FA6AE15FD0F1C0015FC13 /* LogViewer.m in Sources */ = {isa = PBXBuildFile; fileRef = FF2FA6A815FD0F1C0015FC13 /* LogViewer.m */; };
		FF2FA6AF15FD0F1C0015FC13 /* gear@2x.png in Resources */ = {isa = PBXBuildFile; fileRef = FF2FA6A915FD0F1C0015FC13 /* gear@2x.png */; };
		FF2FA6B015FD0F1C0015FC13 /* gear.png in Resources */ = {isa = PBXBuildFile; fileRef = FF2FA6AA15FD0F1C0015FC13 /* gear.png */; };
		FF85699E160701E0002CF549 /* size.png in Resources */ = {isa = PBXBuildFile; fileRef = FF85699C160701E0002CF549 /* size.png */; };
		FF85699F160701E0002CF549 /* size@2x.png in Resources */ = {isa = PBXBuildFile; fileRef = FF85699D160701E0002CF549 /* size@2x.png */; };
/* End PBXBuildFile section */

/* Begin PBXFileReference section */
		FF2FA67D15FD0DA80015FC13 /* LogViewer.app */ = {isa = PBXFileReference; explicitFileType = wrapper.application; includeInIndex = 0; path = LogViewer.app; sourceTree = BUILT_PRODUCTS_DIR; };
		FF2FA68115FD0DA80015FC13 /* UIKit.framework */ = {isa = PBXFileReference; lastKnownFileType = wrapper.framework; name = UIKit.framework; path = System/Library/Frameworks/UIKit.framework; sourceTree = SDKROOT; };
		FF2FA68315FD0DA80015FC13 /* Foundation.framework */ = {isa = PBXFileReference; lastKnownFileType = wrapper.framework; name = Foundation.framework; path = System/Library/Frameworks/Foundation.framework; sourceTree = SDKROOT; };
		FF2FA68515FD0DA80015FC13 /* CoreGraphics.framework */ = {isa = PBXFileReference; lastKnownFileType = wrapper.framework; name = CoreGraphics.framework; path = System/Library/Frameworks/CoreGraphics.framework; sourceTree = SDKROOT; };
		FF2FA68915FD0DA80015FC13 /* LogViewer-Info.plist */ = {isa = PBXFileReference; lastKnownFileType = text.plist.xml; path = "LogViewer-Info.plist"; sourceTree = "<group>"; };
		FF2FA68B15FD0DA80015FC13 /* en */ = {isa = PBXFileReference; lastKnownFileType = text.plist.strings; name = en; path = en.lproj/InfoPlist.strings; sourceTree = "<group>"; };
		FF2FA68D15FD0DA80015FC13 /* main.m */ = {isa = PBXFileReference; lastKnownFileType = sourcecode.c.objc; path = main.m; sourceTree = "<group>"; };
		FF2FA68F15FD0DA80015FC13 /* LogViewer-Prefix.pch */ = {isa = PBXFileReference; lastKnownFileType = sourcecode.c.h; path = "LogViewer-Prefix.pch"; sourceTree = "<group>"; };
		FF2FA69015FD0DA80015FC13 /* AppDelegate.h */ = {isa = PBXFileReference; lastKnownFileType = sourcecode.c.h; path = AppDelegate.h; sourceTree = "<group>"; };
		FF2FA69115FD0DA80015FC13 /* AppDelegate.m */ = {isa = PBXFileReference; lastKnownFileType = sourcecode.c.objc; path = AppDelegate.m; sourceTree = "<group>"; };
		FF2FA69415FD0DA80015FC13 /* en */ = {isa = PBXFileReference; lastKnownFileType = file.storyboard; name = en; path = en.lproj/MainStoryboard.storyboard; sourceTree = "<group>"; };
		FF2FA69615FD0DA80015FC13 /* ViewController.h */ = {isa = PBXFileReference; lastKnownFileType = sourcecode.c.h; path = ViewController.h; sourceTree = "<group>"; };
		FF2FA69715FD0DA80015FC13 /* ViewController.m */ = {isa = PBXFileReference; lastKnownFileType = sourcecode.c.objc; path = ViewController.m; sourceTree = "<group>"; };
		FF2FA6A815FD0F1C0015FC13 /* LogViewer.m */ = {isa = PBXFileReference; fileEncoding = 4; lastKnownFileType = sourcecode.c.objc; name = LogViewer.m; path = LogViewer/LogViewer.m; sourceTree = "<group>"; };
		FF2FA6A915FD0F1C0015FC13 /* gear@2x.png */ = {isa = PBXFileReference; lastKnownFileType = image.png; name = "gear@2x.png"; path = "LogViewer/gear@2x.png"; sourceTree = "<group>"; };
		FF2FA6AA15FD0F1C0015FC13 /* gear.png */ = {isa = PBXFileReference; lastKnownFileType = image.png; name = gear.png; path = LogViewer/gear.png; sourceTree = "<group>"; };
		FF2FA6AD15FD0F1C0015FC13 /* LogViewer.h */ = {isa = PBXFileReference; fileEncoding = 4; lastKnownFileType = sourcecode.c.h; name = LogViewer.h; path = LogViewer/LogViewer.h; sourceTree = "<group>"; };
		FF85699C160701E0002CF549 /* size.png */ = {isa = PBXFileReference; lastKnownFileType = image.png; name = size.png; path = LogViewer/size.png; sourceTree = "<group>"; };
		FF85699D160701E0002CF549 /* size@2x.png */ = {isa = PBXFileReference; lastKnownFileType = image.png; name = "size@2x.png"; path = "LogViewer/size@2x.png"; sourceTree = "<group>"; };
/* End PBXFileReference section */

/* Begin PBXFrameworksBuildPhase section */
		FF2FA67A15FD0DA80015FC13 /* Frameworks */ = {
			isa = PBXFrameworksBuildPhase;
			buildActionMask = 2147483647;
			files = (
				FF2FA68215FD0DA80015FC13 /* UIKit.framework in Frameworks */,
				FF2FA68415FD0DA80015FC13 /* Foundation.framework in Frameworks */,
				FF2FA68615FD0DA80015FC13 /* CoreGraphics.framework in Frameworks */,
			);
			runOnlyForDeploymentPostprocessing = 0;
		};
/* End PBXFrameworksBuildPhase section */

/* Begin PBXGroup section */
		FF2FA67215FD0DA80015FC13 = {
			isa = PBXGroup;
			children = (
				FF2FA68715FD0DA80015FC13 /* LogViewer */,
				FF2FA68015FD0DA80015FC13 /* Frameworks */,
				FF2FA67E15FD0DA80015FC13 /* Products */,
			);
			sourceTree = "<group>";
		};
		FF2FA67E15FD0DA80015FC13 /* Products */ = {
			isa = PBXGroup;
			children = (
				FF2FA67D15FD0DA80015FC13 /* LogViewer.app */,
			);
			name = Products;
			sourceTree = "<group>";
		};
		FF2FA68015FD0DA80015FC13 /* Frameworks */ = {
			isa = PBXGroup;
			children = (
				FF2FA68115FD0DA80015FC13 /* UIKit.framework */,
				FF2FA68315FD0DA80015FC13 /* Foundation.framework */,
				FF2FA68515FD0DA80015FC13 /* CoreGraphics.framework */,
			);
			name = Frameworks;
			sourceTree = "<group>";
		};
		FF2FA68715FD0DA80015FC13 /* LogViewer */ = {
			isa = PBXGroup;
			children = (
				FF2FA6A615FD0F100015FC13 /* LogViewer */,
				FF2FA69015FD0DA80015FC13 /* AppDelegate.h */,
				FF2FA69115FD0DA80015FC13 /* AppDelegate.m */,
				FF2FA69315FD0DA80015FC13 /* MainStoryboard.storyboard */,
				FF2FA69615FD0DA80015FC13 /* ViewController.h */,
				FF2FA69715FD0DA80015FC13 /* ViewController.m */,
				FF2FA68815FD0DA80015FC13 /* Supporting Files */,
			);
			path = LogViewer;
			sourceTree = "<group>";
		};
		FF2FA68815FD0DA80015FC13 /* Supporting Files */ = {
			isa = PBXGroup;
			children = (
				FF2FA68915FD0DA80015FC13 /* LogViewer-Info.plist */,
				FF2FA68A15FD0DA80015FC13 /* InfoPlist.strings */,
				FF2FA68D15FD0DA80015FC13 /* main.m */,
				FF2FA68F15FD0DA80015FC13 /* LogViewer-Prefix.pch */,
			);
			name = "Supporting Files";
			sourceTree = "<group>";
		};
		FF2FA6A615FD0F100015FC13 /* LogViewer */ = {
			isa = PBXGroup;
			children = (
				FF85699C160701E0002CF549 /* size.png */,
				FF85699D160701E0002CF549 /* size@2x.png */,
				FF2FA6AD15FD0F1C0015FC13 /* LogViewer.h */,
				FF2FA6A815FD0F1C0015FC13 /* LogViewer.m */,
				FF2FA6A915FD0F1C0015FC13 /* gear@2x.png */,
				FF2FA6AA15FD0F1C0015FC13 /* gear.png */,
			);
			name = LogViewer;
			sourceTree = "<group>";
		};
/* End PBXGroup section */

/* Begin PBXNativeTarget section */
		FF2FA67C15FD0DA80015FC13 /* LogViewer */ = {
			isa = PBXNativeTarget;
			buildConfigurationList = FF2FA69B15FD0DA80015FC13 /* Build configuration list for PBXNativeTarget "LogViewer" */;
			buildPhases = (
				FF2FA67915FD0DA80015FC13 /* Sources */,
				FF2FA67A15FD0DA80015FC13 /* Frameworks */,
				FF2FA67B15FD0DA80015FC13 /* Resources */,
			);
			buildRules = (
			);
			dependencies = (
			);
			name = LogViewer;
			productName = LogViewer;
			productReference = FF2FA67D15FD0DA80015FC13 /* LogViewer.app */;
			productType = "com.apple.product-type.application";
		};
/* End PBXNativeTarget section */

/* Begin PBXProject section */
		FF2FA67415FD0DA80015FC13 /* Project object */ = {
			isa = PBXProject;
			attributes = {
				LastUpgradeCheck = 0440;
				ORGANIZATIONNAME = molabo;
			};
			buildConfigurationList = FF2FA67715FD0DA80015FC13 /* Build configuration list for PBXProject "LogViewer" */;
			compatibilityVersion = "Xcode 3.2";
			developmentRegion = English;
			hasScannedForEncodings = 0;
			knownRegions = (
				en,
			);
			mainGroup = FF2FA67215FD0DA80015FC13;
			productRefGroup = FF2FA67E15FD0DA80015FC13 /* Products */;
			projectDirPath = "";
			projectRoot = "";
			targets = (
				FF2FA67C15FD0DA80015FC13 /* LogViewer */,
			);
		};
/* End PBXProject section */

/* Begin PBXResourcesBuildPhase section */
		FF2FA67B15FD0DA80015FC13 /* Resources */ = {
			isa = PBXResourcesBuildPhase;
			buildActionMask = 2147483647;
			files = (
				FF2FA68C15FD0DA80015FC13 /* InfoPlist.strings in Resources */,
				FF2FA69515FD0DA80015FC13 /* MainStoryboard.storyboard in Resources */,
				FF2FA6AF15FD0F1C0015FC13 /* gear@2x.png in Resources */,
				FF2FA6B015FD0F1C0015FC13 /* gear.png in Resources */,
				FF85699E160701E0002CF549 /* size.png in Resources */,
				FF85699F160701E0002CF549 /* size@2x.png in Resources */,
			);
			runOnlyForDeploymentPostprocessing = 0;
		};
/* End PBXResourcesBuildPhase section */

/* Begin PBXSourcesBuildPhase section */
		FF2FA67915FD0DA80015FC13 /* Sources */ = {
			isa = PBXSourcesBuildPhase;
			buildActionMask = 2147483647;
			files = (
				FF2FA68E15FD0DA80015FC13 /* main.m in Sources */,
				FF2FA69215FD0DA80015FC13 /* AppDelegate.m in Sources */,
				FF2FA69815FD0DA80015FC13 /* ViewController.m in Sources */,
				FF2FA6AE15FD0F1C0015FC13 /* LogViewer.m in Sources */,
			);
			runOnlyForDeploymentPostprocessing = 0;
		};
/* End PBXSourcesBuildPhase section */

/* Begin PBXVariantGroup section */
		FF2FA68A15FD0DA80015FC13 /* InfoPlist.strings */ = {
			isa = PBXVariantGroup;
			children = (
				FF2FA68B15FD0DA80015FC13 /* en */,
			);
			name = InfoPlist.strings;
			sourceTree = "<group>";
		};
		FF2FA69315FD0DA80015FC13 /* MainStoryboard.storyboard */ = {
			isa = PBXVariantGroup;
			children = (
				FF2FA69415FD0DA80015FC13 /* en */,
			);
			name = MainStoryboard.storyboard;
			sourceTree = "<group>";
		};
/* End PBXVariantGroup section */

/* Begin XCBuildConfiguration section */
		FF2FA69915FD0DA80015FC13 /* Debug */ = {
			isa = XCBuildConfiguration;
			buildSettings = {
				ALWAYS_SEARCH_USER_PATHS = NO;
				ARCHS = "$(ARCHS_STANDARD_32_BIT)";
				CLANG_CXX_LANGUAGE_STANDARD = "gnu++0x";
				CLANG_ENABLE_OBJC_ARC = YES;
				CLANG_WARN__DUPLICATE_METHOD_MATCH = YES;
				"CODE_SIGN_IDENTITY[sdk=iphoneos*]" = "iPhone Developer";
				COPY_PHASE_STRIP = NO;
				GCC_C_LANGUAGE_STANDARD = gnu99;
				GCC_DYNAMIC_NO_PIC = NO;
				GCC_OPTIMIZATION_LEVEL = 0;
				GCC_PREPROCESSOR_DEFINITIONS = (
					"DEBUG=1",
					"$(inherited)",
				);
				GCC_SYMBOLS_PRIVATE_EXTERN = NO;
				GCC_VERSION = com.apple.compilers.llvm.clang.1_0;
				GCC_WARN_ABOUT_RETURN_TYPE = YES;
				GCC_WARN_UNINITIALIZED_AUTOS = YES;
				GCC_WARN_UNUSED_VARIABLE = YES;
				IPHONEOS_DEPLOYMENT_TARGET = 5.1;
				SDKROOT = iphoneos;
			};
			name = Debug;
		};
		FF2FA69A15FD0DA80015FC13 /* Release */ = {
			isa = XCBuildConfiguration;
			buildSettings = {
				ALWAYS_SEARCH_USER_PATHS = NO;
				ARCHS = "$(ARCHS_STANDARD_32_BIT)";
				CLANG_CXX_LANGUAGE_STANDARD = "gnu++0x";
				CLANG_ENABLE_OBJC_ARC = YES;
				CLANG_WARN__DUPLICATE_METHOD_MATCH = YES;
				"CODE_SIGN_IDENTITY[sdk=iphoneos*]" = "iPhone Developer";
				COPY_PHASE_STRIP = YES;
				GCC_C_LANGUAGE_STANDARD = gnu99;
				GCC_VERSION = com.apple.compilers.llvm.clang.1_0;
				GCC_WARN_ABOUT_RETURN_TYPE = YES;
				GCC_WARN_UNINITIALIZED_AUTOS = YES;
				GCC_WARN_UNUSED_VARIABLE = YES;
				IPHONEOS_DEPLOYMENT_TARGET = 5.1;
				OTHER_CFLAGS = "-DNS_BLOCK_ASSERTIONS=1";
				SDKROOT = iphoneos;
				VALIDATE_PRODUCT = YES;
			};
			name = Release;
		};
		FF2FA69C15FD0DA80015FC13 /* Debug */ = {
			isa = XCBuildConfiguration;
			buildSettings = {
				GCC_PRECOMPILE_PREFIX_HEADER = YES;
				GCC_PREFIX_HEADER = "LogViewer/LogViewer-Prefix.pch";
				INFOPLIST_FILE = "LogViewer/LogViewer-Info.plist";
				PRODUCT_NAME = "$(TARGET_NAME)";
				WRAPPER_EXTENSION = app;
			};
			name = Debug;
		};
		FF2FA69D15FD0DA80015FC13 /* Release */ = {
			isa = XCBuildConfiguration;
			buildSettings = {
				GCC_PRECOMPILE_PREFIX_HEADER = YES;
				GCC_PREFIX_HEADER = "LogViewer/LogViewer-Prefix.pch";
				INFOPLIST_FILE = "LogViewer/LogViewer-Info.plist";
				PRODUCT_NAME = "$(TARGET_NAME)";
				WRAPPER_EXTENSION = app;
			};
			name = Release;
		};
/* End XCBuildConfiguration section */

/* Begin XCConfigurationList section */
		FF2FA67715FD0DA80015FC13 /* Build configuration list for PBXProject "LogViewer" */ = {
			isa = XCConfigurationList;
			buildConfigurations = (
				FF2FA69915FD0DA80015FC13 /* Debug */,
				FF2FA69A15FD0DA80015FC13 /* Release */,
			);
			defaultConfigurationIsVisible = 0;
			defaultConfigurationName = Release;
		};
		FF2FA69B15FD0DA80015FC13 /* Build configuration list for PBXNativeTarget "LogViewer" */ = {
			isa = XCConfigurationList;
			buildConfigurations = (
				FF2FA69C15FD0DA80015FC13 /* Debug */,
				FF2FA69D15FD0DA80015FC13 /* Release */,
			);
			defaultConfigurationIsVisible = 0;
			defaultConfigurationName = Release;
		};
/* End XCConfigurationList section */
	};
	rootObject = FF2FA67415FD0DA80015FC13 /* Project object */;
}
